{
  "requires": true,
  "lockfileVersion": 1,
  "dependencies": {
    "react-multi-carousel": {
      "version": "2.8.0",
      "resolved": "https://registry.npmjs.org/react-multi-carousel/-/react-multi-carousel-2.8.0.tgz",
      "integrity": "sha512-xuxQVGGiH8yWDDWgt9Z9+C+zzoACuBT740cV+6To52DYCwLlQGJIntDFLOCqMsO85Ist1x+630HA8lazb/a/tA=="
    }
  }
}
